
Microsoft Visual Studio Solution File, Format Version 12.00
# Visual Studio 2013
VisualStudioVersion = 12.0.21005.1
MinimumVisualStudioVersion = 10.0.40219.1
Project("{FAE04EC0-301F-11D3-BF4B-00C04F79EFBC}") = "PingYourPackage.Domain", "PingYourPackage.Domain\PingYourPackage.Domain.csproj", "{A7EC2E3A-C49C-4B64-9B3B-DC5E0502B4B3}"
EndProject
Project("{FAE04EC0-301F-11D3-BF4B-00C04F79EFBC}") = "PingYourPackage.API", "PingYourPackage.API\PingYourPackage.API.csproj", "{D592A615-EA01-42E3-9E69-113AA52ECAC3}"
EndProject
Project("{FAE04EC0-301F-11D3-BF4B-00C04F79EFBC}") = "PingYourPackage.API.Test", "PingYourPackage.API.Test\PingYourPackage.API.Test.csproj", "{D9458482-2A2E-4F39-941C-1B567BB270BA}"
EndProject
Global
	GlobalSection(SolutionConfigurationPlatforms) = preSolution
		Debug|Any CPU = Debug|Any CPU
		Release|Any CPU = Release|Any CPU
	EndGlobalSection
	GlobalSection(ProjectConfigurationPlatforms) = postSolution
		{A7EC2E3A-C49C-4B64-9B3B-DC5E0502B4B3}.Debug|Any CPU.ActiveCfg = Debug|Any CPU
		{A7EC2E3A-C49C-4B64-9B3B-DC5E0502B4B3}.Debug|Any CPU.Build.0 = Debug|Any CPU
		{A7EC2E3A-C49C-4B64-9B3B-DC5E0502B4B3}.Release|Any CPU.ActiveCfg = Release|Any CPU
		{A7EC2E3A-C49C-4B64-9B3B-DC5E0502B4B3}.Release|Any CPU.Build.0 = Release|Any CPU
		{D592A615-EA01-42E3-9E69-113AA52ECAC3}.Debug|Any CPU.ActiveCfg = Debug|Any CPU
		{D592A615-EA01-42E3-9E69-113AA52ECAC3}.Debug|Any CPU.Build.0 = Debug|Any CPU
		{D592A615-EA01-42E3-9E69-113AA52ECAC3}.Release|Any CPU.ActiveCfg = Release|Any CPU
		{D592A615-EA01-42E3-9E69-113AA52ECAC3}.Release|Any CPU.Build.0 = Release|Any CPU
		{D9458482-2A2E-4F39-941C-1B567BB270BA}.Debug|Any CPU.ActiveCfg = Debug|Any CPU
		{D9458482-2A2E-4F39-941C-1B567BB270BA}.Debug|Any CPU.Build.0 = Debug|Any CPU
		{D9458482-2A2E-4F39-941C-1B567BB270BA}.Release|Any CPU.ActiveCfg = Release|Any CPU
		{D9458482-2A2E-4F39-941C-1B567BB270BA}.Release|Any CPU.Build.0 = Release|Any CPU
	EndGlobalSection
	GlobalSection(SolutionProperties) = preSolution
		HideSolutionNode = FALSE
	EndGlobalSection
EndGlobal
